
Microsoft Visual Studio Solution File, Format Version 12.00
# Visual Studio Version 17
VisualStudioVersion = 17.13.35828.75 d17.13
MinimumVisualStudioVersion = 10.0.40219.1
Project("{FAE04EC0-301F-11D3-BF4B-00C04F79EFBC}") = "UMSHost", "UMSHost\UMSHost.csproj", "{741423AD-22A7-43ED-91D1-5FB6791DE93F}"
	ProjectSection(ProjectDependencies) = postProject
		{D5D67EF3-86CF-4531-8D52-1C2A56E05843} = {D5D67EF3-86CF-4531-8D52-1C2A56E05843}
	EndProjectSection
EndProject
Project("{2150E333-8FDC-42A3-9474-1A3956D46DE8}") = "_TestClients_", "_TestClients_", "{72B44A3F-A1A2-4186-B22E-B3B2C53EF138}"
EndProject
Project("{FAE04EC0-301F-11D3-BF4B-00C04F79EFBC}") = "SignalRConsole", "Test\SignalRConsole\SignalRConsole.csproj", "{6B22ACAA-66C3-4061-B4BF-556AA5585E2D}"
EndProject
Project("{FAE04EC0-301F-11D3-BF4B-00C04F79EFBC}") = "SignalRForms", "Test\SignalRForms\SignalRForms.csproj", "{BF069799-4508-4C13-B91E-42ED06833402}"
	ProjectSection(ProjectDependencies) = postProject
		{D5D67EF3-86CF-4531-8D52-1C2A56E05843} = {D5D67EF3-86CF-4531-8D52-1C2A56E05843}
	EndProjectSection
EndProject
Project("{FAE04EC0-301F-11D3-BF4B-00C04F79EFBC}") = "SendUMSMessage", "SendUMSMessage\SendUMSMessage.csproj", "{D5D67EF3-86CF-4531-8D52-1C2A56E05843}"
EndProject
Project("{FAE04EC0-301F-11D3-BF4B-00C04F79EFBC}") = "GlobalFunctions", "GlobalFunctions\GlobalFunctions.csproj", "{3E4D6315-620E-4449-BE65-04E80A062084}"
EndProject
Project("{2150E333-8FDC-42A3-9474-1A3956D46DE8}") = "DatabaseRelated", "DatabaseRelated", "{33099C54-F89F-4AF6-B3F1-ACA1F5A2BA48}"
EndProject
Project("{00D1A9C2-B5F0-4AF3-8072-F6C62B433612}") = "UMS.DB", "DatabaseRelated\UMS.DB\UMS.DB.sqlproj", "{7C6B54EC-898F-4EDC-992E-F90C8B16AB76}"
EndProject
Project("{FAE04EC0-301F-11D3-BF4B-00C04F79EFBC}") = "DAL", "DatabaseRelated\DAL\DAL.csproj", "{7861AD20-EC6C-4009-B9FA-21020FAE1E3D}"
EndProject
Project("{FAE04EC0-301F-11D3-BF4B-00C04F79EFBC}") = "UmsHelper_UnitTest", "Test\UmsHelper_UnitTest\UmsHelper_UnitTest.csproj", "{2C101F58-9E1C-4B3F-BD78-0AE0D1D446B0}"
EndProject
Project("{2150E333-8FDC-42A3-9474-1A3956D46DE8}") = "SonarQube", "SonarQube", "{7CAA8CA1-38AB-4B46-813F-CCD9C506A6A6}"
	ProjectSection(SolutionItems) = preProject
		SonarQube\SolutionBinding.sqconfig = SonarQube\SolutionBinding.sqconfig
		SonarQube\sonar-project.properties = SonarQube\sonar-project.properties
	EndProjectSection
EndProject
Global
	GlobalSection(SolutionConfigurationPlatforms) = preSolution
		Debug|Any CPU = Debug|Any CPU
		Release|Any CPU = Release|Any CPU
	EndGlobalSection
	GlobalSection(ProjectConfigurationPlatforms) = postSolution
		{741423AD-22A7-43ED-91D1-5FB6791DE93F}.Debug|Any CPU.ActiveCfg = Debug|Any CPU
		{741423AD-22A7-43ED-91D1-5FB6791DE93F}.Debug|Any CPU.Build.0 = Debug|Any CPU
		{741423AD-22A7-43ED-91D1-5FB6791DE93F}.Release|Any CPU.ActiveCfg = Release|Any CPU
		{741423AD-22A7-43ED-91D1-5FB6791DE93F}.Release|Any CPU.Build.0 = Release|Any CPU
		{6B22ACAA-66C3-4061-B4BF-556AA5585E2D}.Debug|Any CPU.ActiveCfg = Debug|Any CPU
		{6B22ACAA-66C3-4061-B4BF-556AA5585E2D}.Debug|Any CPU.Build.0 = Debug|Any CPU
		{6B22ACAA-66C3-4061-B4BF-556AA5585E2D}.Release|Any CPU.ActiveCfg = Release|Any CPU
		{6B22ACAA-66C3-4061-B4BF-556AA5585E2D}.Release|Any CPU.Build.0 = Release|Any CPU
		{BF069799-4508-4C13-B91E-42ED06833402}.Debug|Any CPU.ActiveCfg = Debug|Any CPU
		{BF069799-4508-4C13-B91E-42ED06833402}.Debug|Any CPU.Build.0 = Debug|Any CPU
		{BF069799-4508-4C13-B91E-42ED06833402}.Release|Any CPU.ActiveCfg = Release|Any CPU
		{BF069799-4508-4C13-B91E-42ED06833402}.Release|Any CPU.Build.0 = Release|Any CPU
		{D5D67EF3-86CF-4531-8D52-1C2A56E05843}.Debug|Any CPU.ActiveCfg = Debug|Any CPU
		{D5D67EF3-86CF-4531-8D52-1C2A56E05843}.Debug|Any CPU.Build.0 = Debug|Any CPU
		{D5D67EF3-86CF-4531-8D52-1C2A56E05843}.Release|Any CPU.ActiveCfg = Release|Any CPU
		{D5D67EF3-86CF-4531-8D52-1C2A56E05843}.Release|Any CPU.Build.0 = Release|Any CPU
		{3E4D6315-620E-4449-BE65-04E80A062084}.Debug|Any CPU.ActiveCfg = Debug|Any CPU
		{3E4D6315-620E-4449-BE65-04E80A062084}.Debug|Any CPU.Build.0 = Debug|Any CPU
		{3E4D6315-620E-4449-BE65-04E80A062084}.Release|Any CPU.ActiveCfg = Release|Any CPU
		{3E4D6315-620E-4449-BE65-04E80A062084}.Release|Any CPU.Build.0 = Release|Any CPU
		{7C6B54EC-898F-4EDC-992E-F90C8B16AB76}.Debug|Any CPU.ActiveCfg = Debug|Any CPU
		{7C6B54EC-898F-4EDC-992E-F90C8B16AB76}.Debug|Any CPU.Build.0 = Debug|Any CPU
		{7C6B54EC-898F-4EDC-992E-F90C8B16AB76}.Debug|Any CPU.Deploy.0 = Debug|Any CPU
		{7C6B54EC-898F-4EDC-992E-F90C8B16AB76}.Release|Any CPU.ActiveCfg = Release|Any CPU
		{7C6B54EC-898F-4EDC-992E-F90C8B16AB76}.Release|Any CPU.Build.0 = Release|Any CPU
		{7C6B54EC-898F-4EDC-992E-F90C8B16AB76}.Release|Any CPU.Deploy.0 = Release|Any CPU
		{7861AD20-EC6C-4009-B9FA-21020FAE1E3D}.Debug|Any CPU.ActiveCfg = Debug|Any CPU
		{7861AD20-EC6C-4009-B9FA-21020FAE1E3D}.Debug|Any CPU.Build.0 = Debug|Any CPU
		{7861AD20-EC6C-4009-B9FA-21020FAE1E3D}.Release|Any CPU.ActiveCfg = Release|Any CPU
		{7861AD20-EC6C-4009-B9FA-21020FAE1E3D}.Release|Any CPU.Build.0 = Release|Any CPU
		{2C101F58-9E1C-4B3F-BD78-0AE0D1D446B0}.Debug|Any CPU.ActiveCfg = Debug|Any CPU
		{2C101F58-9E1C-4B3F-BD78-0AE0D1D446B0}.Debug|Any CPU.Build.0 = Debug|Any CPU
		{2C101F58-9E1C-4B3F-BD78-0AE0D1D446B0}.Release|Any CPU.ActiveCfg = Release|Any CPU
		{2C101F58-9E1C-4B3F-BD78-0AE0D1D446B0}.Release|Any CPU.Build.0 = Release|Any CPU
	EndGlobalSection
	GlobalSection(SolutionProperties) = preSolution
		HideSolutionNode = FALSE
	EndGlobalSection
	GlobalSection(NestedProjects) = preSolution
		{6B22ACAA-66C3-4061-B4BF-556AA5585E2D} = {72B44A3F-A1A2-4186-B22E-B3B2C53EF138}
		{BF069799-4508-4C13-B91E-42ED06833402} = {72B44A3F-A1A2-4186-B22E-B3B2C53EF138}
		{7C6B54EC-898F-4EDC-992E-F90C8B16AB76} = {33099C54-F89F-4AF6-B3F1-ACA1F5A2BA48}
		{7861AD20-EC6C-4009-B9FA-21020FAE1E3D} = {33099C54-F89F-4AF6-B3F1-ACA1F5A2BA48}
		{2C101F58-9E1C-4B3F-BD78-0AE0D1D446B0} = {72B44A3F-A1A2-4186-B22E-B3B2C53EF138}
	EndGlobalSection
	GlobalSection(ExtensibilityGlobals) = postSolution
		SolutionGuid = {D30230AE-4D6E-4D0E-AE8B-6A28287062ED}
	EndGlobalSection
	GlobalSection(TeamFoundationVersionControl) = preSolution
		SccNumberOfProjects = 9
		SccEnterpriseProvider = {4CA58AB2-18FA-4F8D-95D4-32DDF27D184C}
		SccTeamFoundationServer = https://tadads1.tad.mavinformatika.hu/mavicollection
		SccLocalPath0 = .
		SccProjectUniqueName1 = UMSHost\\UMSHost.csproj
		SccProjectName1 = UMSHost
		SccLocalPath1 = UMSHost
		SccProjectUniqueName2 = Test\\SignalRConsole\\SignalRConsole.csproj
		SccProjectTopLevelParentUniqueName2 = UMS.sln
		SccProjectName2 = Test/SignalRConsole
		SccLocalPath2 = Test\\SignalRConsole
		SccProjectUniqueName3 = Test\\SignalRForms\\SignalRForms.csproj
		SccProjectTopLevelParentUniqueName3 = UMS.sln
		SccProjectName3 = Test/SignalRForms
		SccLocalPath3 = Test\\SignalRForms
		SccProjectUniqueName4 = SendUMSMessage\\SendUMSMessage.csproj
		SccProjectName4 = SendUMSMessage
		SccLocalPath4 = SendUMSMessage
		SccProjectUniqueName5 = GlobalFunctions\\GlobalFunctions.csproj
		SccProjectName5 = GlobalFunctions
		SccLocalPath5 = GlobalFunctions
		SccProjectUniqueName6 = DatabaseRelated\\UMS.DB\\UMS.DB.sqlproj
		SccProjectTopLevelParentUniqueName6 = UMS.sln
		SccProjectName6 = DatabaseRelated/UMS.DB
		SccLocalPath6 = DatabaseRelated\\UMS.DB
		SccProjectUniqueName7 = DatabaseRelated\\DAL\\DAL.csproj
		SccProjectTopLevelParentUniqueName7 = UMS.sln
		SccProjectName7 = DatabaseRelated/DAL
		SccLocalPath7 = DatabaseRelated\\DAL
		SccProjectUniqueName8 = Test\\UmsHelper_UnitTest\\UmsHelper_UnitTest.csproj
		SccProjectTopLevelParentUniqueName8 = UMS.sln
		SccProjectName8 = Test/UmsHelper_UnitTest
		SccLocalPath8 = Test\\UmsHelper_UnitTest
	EndGlobalSection
EndGlobal
